github.com/google/uuid v1.3.0 h1:t6JiXgmwXMjEs8VusXIJk2BXHsn+wx8BZdTaoZ5fu7I=
github.com/google/uuid v1.3.0/go.mod h1:TIyPZe4MgqvfeYDBFedMoGGpEw/LqOeaOT+nhxU+yHo=
github.com/idiomatic-go/middleware v0.0.0-20230104210237-725bfcf84c88 h1:GJJgQD1EvZ0Q8eYiK/0/YRUX2Qobn3NtyeknMaP1GxQ=
github.com/idiomatic-go/middleware v0.0.0-20230104210237-725bfcf84c88/go.mod h1:nXwk79cGo561cIk3wYhvSqSl0fPe4p4XIIPT5CIPIII=
github.com/idiomatic-go/middleware v0.0.0-20230105124136-4f5a56c64117 h1:MuItxgsYJJuRIYzsnxxydn1Mg9v5/JIqJl9U7mqoNZM=
github.com/idiomatic-go/middleware v0.0.0-20230105124136-4f5a56c64117/go.mod h1:nXwk79cGo561cIk3wYhvSqSl0fPe4p4XIIPT5CIPIII=
github.com/idiomatic-go/middleware v0.0.0-20230105204545-04aa43a3d540 h1:xBYpbSMv3v4c9SeMGhSKz8jlwi/TXnWT0xPpWE2SIUQ=
github.com/idiomatic-go/middleware v0.0.0-20230105204545-04aa43a3d540/go.mod h1:nXwk79cGo561cIk3wYhvSqSl0fPe4p4XIIPT5CIPIII=
github.com/idiomatic-go/middleware v0.0.0-20230106173736-be7709bb0036 h1:uG63h/gdfH0fCob7xTuKtAGgXhtx5S9K4eqYOUUZBo8=
github.com/idiomatic-go/middleware v0.0.0-20230106173736-be7709bb0036/go.mod h1:nXwk79cGo561cIk3wYhvSqSl0fPe4p4XIIPT5CIPIII=
github.com/idiomatic-go/middleware v0.0.0-20230107113136-6c1632d58c36 h1:Fcd5cZdC51wS5MVsgZlrP7VxVSGPlaydK1JtG2x5U/A=
github.com/idiomatic-go/middleware v0.0.0-20230107113136-6c1632d58c36/go.mod h1:nXwk79cGo561cIk3wYhvSqSl0fPe4p4XIIPT5CIPIII=
github.com/idiomatic-go/middleware v0.0.0-20230107115006-83bd302d3915 h1:B9xBH78ltNVoElregC2UKnbXd9jUGRzW6/F2+0MbWqU=
github.com/idiomatic-go/middleware v0.0.0-20230107115006-83bd302d3915/go.mod h1:nXwk79cGo561cIk3wYhvSqSl0fPe4p4XIIPT5CIPIII=
github.com/idiomatic-go/middleware v0.0.0-20230107140640-6a77bb4e8be1 h1:Sx0xNYx6SYMp5v6gl1Xs0U5a6zb/K2QHVniP1VWrioA=
github.com/idiomatic-go/middleware v0.0.0-20230107140640-6a77bb4e8be1/go.mod h1:nXwk79cGo561cIk3wYhvSqSl0fPe4p4XIIPT5CIPIII=
github.com/idiomatic-go/middleware v0.0.0-20230108144514-4183430131b5 h1:5pQfkPWjEuKjciqhwP5nVB1RTdlsVIk2JdMadfdLlHA=
github.com/idiomatic-go/middleware v0.0.0-20230108144514-4183430131b5/go.mod h1:nXwk79cGo561cIk3wYhvSqSl0fPe4p4XIIPT5CIPIII=
github.com/idiomatic-go/middleware v0.0.0-20230108153729-a9bbb71dc654 h1:ZzF5XCUvatIPvtym7kzEDiSmqeKQ3Waaw3kn7UmICvo=
github.com/idiomatic-go/middleware v0.0.0-20230108153729-a9bbb71dc654/go.mod h1:nXwk79cGo561cIk3wYhvSqSl0fPe4p4XIIPT5CIPIII=
golang.org/x/time v0.3.0 h1:rg5rLMjNzMS1RkNLzCG38eapWhnYLFYXDXj2gOlr8j4=
golang.org/x/time v0.3.0/go.mod h1:tRJNPiyCQ0inRvYxbN9jk5I+vvW/OXSQhTDSoE431IQ=
