github.com/google/uuid v1.3.0 h1:t6JiXgmwXMjEs8VusXIJk2BXHsn+wx8BZdTaoZ5fu7I=
github.com/google/uuid v1.3.0/go.mod h1:TIyPZe4MgqvfeYDBFedMoGGpEw/LqOeaOT+nhxU+yHo=
github.com/idiomatic-go/middleware v0.0.0-20230104210237-725bfcf84c88 h1:GJJgQD1EvZ0Q8eYiK/0/YRUX2Qobn3NtyeknMaP1GxQ=
github.com/idiomatic-go/middleware v0.0.0-20230104210237-725bfcf84c88/go.mod h1:nXwk79cGo561cIk3wYhvSqSl0fPe4p4XIIPT5CIPIII=
github.com/idiomatic-go/middleware v0.0.0-20230105124136-4f5a56c64117 h1:MuItxgsYJJuRIYzsnxxydn1Mg9v5/JIqJl9U7mqoNZM=
github.com/idiomatic-go/middleware v0.0.0-20230105124136-4f5a56c64117/go.mod h1:nXwk79cGo561cIk3wYhvSqSl0fPe4p4XIIPT5CIPIII=
golang.org/x/time v0.3.0 h1:rg5rLMjNzMS1RkNLzCG38eapWhnYLFYXDXj2gOlr8j4=
golang.org/x/time v0.3.0/go.mod h1:tRJNPiyCQ0inRvYxbN9jk5I+vvW/OXSQhTDSoE431IQ=
